
Microsoft Visual Studio Solution File, Format Version 12.00
# Visual Studio Version 17
VisualStudioVersion = 17.7.34202.233
MinimumVisualStudioVersion = 10.0.40219.1
Project("{FAE04EC0-301F-11D3-BF4B-00C04F79EFBC}") = "Calendario1.FE", "Calendario1.FE\Calendario1.FE.csproj", "{0A7F0863-8D78-480F-8C44-7FBE0C4DDAB3}"
EndProject
Project("{FAE04EC0-301F-11D3-BF4B-00C04F79EFBC}") = "Calendario1.BE", "Calendario1.BE\Calendario1.BE.csproj", "{E1B7D6BF-B849-4106-8D43-E6747401250C}"
EndProject
Global
	GlobalSection(SolutionConfigurationPlatforms) = preSolution
		Debug|Any CPU = Debug|Any CPU
		Release|Any CPU = Release|Any CPU
	EndGlobalSection
	GlobalSection(ProjectConfigurationPlatforms) = postSolution
		{0A7F0863-8D78-480F-8C44-7FBE0C4DDAB3}.Debug|Any CPU.ActiveCfg = Debug|Any CPU
		{0A7F0863-8D78-480F-8C44-7FBE0C4DDAB3}.Debug|Any CPU.Build.0 = Debug|Any CPU
		{0A7F0863-8D78-480F-8C44-7FBE0C4DDAB3}.Release|Any CPU.ActiveCfg = Release|Any CPU
		{0A7F0863-8D78-480F-8C44-7FBE0C4DDAB3}.Release|Any CPU.Build.0 = Release|Any CPU
		{E1B7D6BF-B849-4106-8D43-E6747401250C}.Debug|Any CPU.ActiveCfg = Debug|Any CPU
		{E1B7D6BF-B849-4106-8D43-E6747401250C}.Debug|Any CPU.Build.0 = Debug|Any CPU
		{E1B7D6BF-B849-4106-8D43-E6747401250C}.Release|Any CPU.ActiveCfg = Release|Any CPU
		{E1B7D6BF-B849-4106-8D43-E6747401250C}.Release|Any CPU.Build.0 = Release|Any CPU
	EndGlobalSection
	GlobalSection(SolutionProperties) = preSolution
		HideSolutionNode = FALSE
	EndGlobalSection
	GlobalSection(ExtensibilityGlobals) = postSolution
		SolutionGuid = {487CA1AA-6F02-4219-B504-969F3F3BDE64}
	EndGlobalSection
EndGlobal
